
Microsoft Visual Studio Solution File, Format Version 12.00
# Visual Studio Version 16
VisualStudioVersion = 16.0.29806.167
MinimumVisualStudioVersion = 10.0.40219.1
Project("{FAE04EC0-301F-11D3-BF4B-00C04F79EFBC}") = "CafeUI", "Cafe\CafeUI.csproj", "{B107CB59-C414-4D4F-8544-A4C4D4C5FED4}"
EndProject
Project("{2150E333-8FDC-42A3-9474-1A3956D46DE8}") = "Challenge1", "Challenge1", "{38AF87FF-2196-44D1-9623-00EAEFB93C54}"
EndProject
Project("{2150E333-8FDC-42A3-9474-1A3956D46DE8}") = "Challenge2", "Challenge2", "{BF3D6674-5F71-41F2-BFB2-BD0D4A676D69}"
EndProject
Project("{2150E333-8FDC-42A3-9474-1A3956D46DE8}") = "Challenge3", "Challenge3", "{C572CACC-FF33-4B69-949A-47758E01EAA1}"
EndProject
Project("{2150E333-8FDC-42A3-9474-1A3956D46DE8}") = "Challenge4", "Challenge4", "{E94804D7-0536-4393-BAE6-3B7CE8F8198A}"
EndProject
Project("{2150E333-8FDC-42A3-9474-1A3956D46DE8}") = "Challenge5", "Challenge5", "{2662C852-E37B-4148-9A27-6C3F374B82C9}"
EndProject
Project("{2150E333-8FDC-42A3-9474-1A3956D46DE8}") = "Challenge6", "Challenge6", "{EE9E3B0D-198E-469F-B2FF-9E4FE09EDCE1}"
EndProject
Project("{2150E333-8FDC-42A3-9474-1A3956D46DE8}") = "Challenge7", "Challenge7", "{C49456D1-5E73-415A-9972-0FE6F68B9AD2}"
EndProject
Project("{2150E333-8FDC-42A3-9474-1A3956D46DE8}") = "Challenge8", "Challenge8", "{60CF6908-E282-4AB3-B7E8-1644AAAD96E6}"
EndProject
Project("{FAE04EC0-301F-11D3-BF4B-00C04F79EFBC}") = "CafeTest", "CafeTest\CafeTest.csproj", "{B9F07459-F741-44C1-AA85-9DED14126A57}"
EndProject
Project("{FAE04EC0-301F-11D3-BF4B-00C04F79EFBC}") = "CafeClassLibrary", "CafeClasses\CafeClassLibrary.csproj", "{6FF76CEB-8AC1-4E3D-85CD-C2921BF5D4D5}"
EndProject
Project("{FAE04EC0-301F-11D3-BF4B-00C04F79EFBC}") = "ClaimsUI", "ClaimsUI\ClaimsUI.csproj", "{0E456322-EB87-4D7C-A224-731BB79287A0}"
EndProject
Project("{FAE04EC0-301F-11D3-BF4B-00C04F79EFBC}") = "ClaimsClassLibrary", "ClaimsClasses\ClaimsClassLibrary.csproj", "{BE5536F2-38C7-48C0-8D07-24C9674C2C2E}"
EndProject
Project("{FAE04EC0-301F-11D3-BF4B-00C04F79EFBC}") = "ClaimsTests", "ClaimsTests\ClaimsTests.csproj", "{5C02A99E-4536-468A-A16A-FA7CF7CB6A97}"
EndProject
Project("{FAE04EC0-301F-11D3-BF4B-00C04F79EFBC}") = "BadgeUI", "KomodoBadgeUI\BadgeUI.csproj", "{F4F38865-D2E0-49FE-A2B1-BA13D12E1987}"
EndProject
Project("{FAE04EC0-301F-11D3-BF4B-00C04F79EFBC}") = "BadgeClassLibrary", "BadgeClassLibrary\BadgeClassLibrary.csproj", "{52B9E544-2AD7-4483-8DE6-957FF201EBAE}"
EndProject
Project("{FAE04EC0-301F-11D3-BF4B-00C04F79EFBC}") = "BadgeTests", "BadgeTests\BadgeTests.csproj", "{12A2ACDF-B396-4C60-A550-3263CD120A53}"
EndProject
Project("{FAE04EC0-301F-11D3-BF4B-00C04F79EFBC}") = "OutingsUI", "OutingsUI\OutingsUI.csproj", "{0AEFA019-2EF8-47B7-83EF-A2CDA84CB686}"
EndProject
Project("{FAE04EC0-301F-11D3-BF4B-00C04F79EFBC}") = "OutingsClassLibrary", "OutingsClassLibrary\OutingsClassLibrary.csproj", "{76B65C99-2034-496E-9B16-109C01682C0E}"
EndProject
Project("{FAE04EC0-301F-11D3-BF4B-00C04F79EFBC}") = "OutingsTests", "OutingsTests\OutingsTests.csproj", "{9D7E6053-B647-44A0-803C-D1EE63385789}"
EndProject
Project("{FAE04EC0-301F-11D3-BF4B-00C04F79EFBC}") = "EmailUI", "EmailUI\EmailUI.csproj", "{4C69532E-D7B2-4C8C-A792-97C38D75E99C}"
EndProject
Project("{FAE04EC0-301F-11D3-BF4B-00C04F79EFBC}") = "EmailClasses", "EmailClasses\EmailClasses.csproj", "{A682614C-9A83-40AB-8F42-0BBD698E065D}"
EndProject
Project("{FAE04EC0-301F-11D3-BF4B-00C04F79EFBC}") = "EmailTests", "EmailTests\EmailTests.csproj", "{08636618-8DA8-40A9-8642-3B1CCA581D1F}"
EndProject
Project("{FAE04EC0-301F-11D3-BF4B-00C04F79EFBC}") = "GreenCarClasses", "GreenCarClasses\GreenCarClasses.csproj", "{0A97C16E-5F52-49C1-8B46-38286C1BF64F}"
EndProject
Project("{FAE04EC0-301F-11D3-BF4B-00C04F79EFBC}") = "GreenCarUI", "GreenCarUI\GreenCarUI.csproj", "{9F3C1A3F-D41C-46A4-A72D-D2F9F2706E87}"
EndProject
Project("{FAE04EC0-301F-11D3-BF4B-00C04F79EFBC}") = "GreenCarTests", "GreenCarTests\GreenCarTests.csproj", "{67CFD839-B628-4131-AA23-A6095C9501EC}"
EndProject
Global
	GlobalSection(SolutionConfigurationPlatforms) = preSolution
		Debug|Any CPU = Debug|Any CPU
		Release|Any CPU = Release|Any CPU
	EndGlobalSection
	GlobalSection(ProjectConfigurationPlatforms) = postSolution
		{B107CB59-C414-4D4F-8544-A4C4D4C5FED4}.Debug|Any CPU.ActiveCfg = Debug|Any CPU
		{B107CB59-C414-4D4F-8544-A4C4D4C5FED4}.Debug|Any CPU.Build.0 = Debug|Any CPU
		{B107CB59-C414-4D4F-8544-A4C4D4C5FED4}.Release|Any CPU.ActiveCfg = Release|Any CPU
		{B107CB59-C414-4D4F-8544-A4C4D4C5FED4}.Release|Any CPU.Build.0 = Release|Any CPU
		{B9F07459-F741-44C1-AA85-9DED14126A57}.Debug|Any CPU.ActiveCfg = Debug|Any CPU
		{B9F07459-F741-44C1-AA85-9DED14126A57}.Debug|Any CPU.Build.0 = Debug|Any CPU
		{B9F07459-F741-44C1-AA85-9DED14126A57}.Release|Any CPU.ActiveCfg = Release|Any CPU
		{B9F07459-F741-44C1-AA85-9DED14126A57}.Release|Any CPU.Build.0 = Release|Any CPU
		{6FF76CEB-8AC1-4E3D-85CD-C2921BF5D4D5}.Debug|Any CPU.ActiveCfg = Debug|Any CPU
		{6FF76CEB-8AC1-4E3D-85CD-C2921BF5D4D5}.Debug|Any CPU.Build.0 = Debug|Any CPU
		{6FF76CEB-8AC1-4E3D-85CD-C2921BF5D4D5}.Release|Any CPU.ActiveCfg = Release|Any CPU
		{6FF76CEB-8AC1-4E3D-85CD-C2921BF5D4D5}.Release|Any CPU.Build.0 = Release|Any CPU
		{0E456322-EB87-4D7C-A224-731BB79287A0}.Debug|Any CPU.ActiveCfg = Debug|Any CPU
		{0E456322-EB87-4D7C-A224-731BB79287A0}.Debug|Any CPU.Build.0 = Debug|Any CPU
		{0E456322-EB87-4D7C-A224-731BB79287A0}.Release|Any CPU.ActiveCfg = Release|Any CPU
		{0E456322-EB87-4D7C-A224-731BB79287A0}.Release|Any CPU.Build.0 = Release|Any CPU
		{BE5536F2-38C7-48C0-8D07-24C9674C2C2E}.Debug|Any CPU.ActiveCfg = Debug|Any CPU
		{BE5536F2-38C7-48C0-8D07-24C9674C2C2E}.Debug|Any CPU.Build.0 = Debug|Any CPU
		{BE5536F2-38C7-48C0-8D07-24C9674C2C2E}.Release|Any CPU.ActiveCfg = Release|Any CPU
		{BE5536F2-38C7-48C0-8D07-24C9674C2C2E}.Release|Any CPU.Build.0 = Release|Any CPU
		{5C02A99E-4536-468A-A16A-FA7CF7CB6A97}.Debug|Any CPU.ActiveCfg = Debug|Any CPU
		{5C02A99E-4536-468A-A16A-FA7CF7CB6A97}.Debug|Any CPU.Build.0 = Debug|Any CPU
		{5C02A99E-4536-468A-A16A-FA7CF7CB6A97}.Release|Any CPU.ActiveCfg = Release|Any CPU
		{5C02A99E-4536-468A-A16A-FA7CF7CB6A97}.Release|Any CPU.Build.0 = Release|Any CPU
		{F4F38865-D2E0-49FE-A2B1-BA13D12E1987}.Debug|Any CPU.ActiveCfg = Debug|Any CPU
		{F4F38865-D2E0-49FE-A2B1-BA13D12E1987}.Debug|Any CPU.Build.0 = Debug|Any CPU
		{F4F38865-D2E0-49FE-A2B1-BA13D12E1987}.Release|Any CPU.ActiveCfg = Release|Any CPU
		{F4F38865-D2E0-49FE-A2B1-BA13D12E1987}.Release|Any CPU.Build.0 = Release|Any CPU
		{52B9E544-2AD7-4483-8DE6-957FF201EBAE}.Debug|Any CPU.ActiveCfg = Debug|Any CPU
		{52B9E544-2AD7-4483-8DE6-957FF201EBAE}.Debug|Any CPU.Build.0 = Debug|Any CPU
		{52B9E544-2AD7-4483-8DE6-957FF201EBAE}.Release|Any CPU.ActiveCfg = Release|Any CPU
		{52B9E544-2AD7-4483-8DE6-957FF201EBAE}.Release|Any CPU.Build.0 = Release|Any CPU
		{12A2ACDF-B396-4C60-A550-3263CD120A53}.Debug|Any CPU.ActiveCfg = Debug|Any CPU
		{12A2ACDF-B396-4C60-A550-3263CD120A53}.Debug|Any CPU.Build.0 = Debug|Any CPU
		{12A2ACDF-B396-4C60-A550-3263CD120A53}.Release|Any CPU.ActiveCfg = Release|Any CPU
		{12A2ACDF-B396-4C60-A550-3263CD120A53}.Release|Any CPU.Build.0 = Release|Any CPU
		{0AEFA019-2EF8-47B7-83EF-A2CDA84CB686}.Debug|Any CPU.ActiveCfg = Debug|Any CPU
		{0AEFA019-2EF8-47B7-83EF-A2CDA84CB686}.Debug|Any CPU.Build.0 = Debug|Any CPU
		{0AEFA019-2EF8-47B7-83EF-A2CDA84CB686}.Release|Any CPU.ActiveCfg = Release|Any CPU
		{0AEFA019-2EF8-47B7-83EF-A2CDA84CB686}.Release|Any CPU.Build.0 = Release|Any CPU
		{76B65C99-2034-496E-9B16-109C01682C0E}.Debug|Any CPU.ActiveCfg = Debug|Any CPU
		{76B65C99-2034-496E-9B16-109C01682C0E}.Debug|Any CPU.Build.0 = Debug|Any CPU
		{76B65C99-2034-496E-9B16-109C01682C0E}.Release|Any CPU.ActiveCfg = Release|Any CPU
		{76B65C99-2034-496E-9B16-109C01682C0E}.Release|Any CPU.Build.0 = Release|Any CPU
		{9D7E6053-B647-44A0-803C-D1EE63385789}.Debug|Any CPU.ActiveCfg = Debug|Any CPU
		{9D7E6053-B647-44A0-803C-D1EE63385789}.Debug|Any CPU.Build.0 = Debug|Any CPU
		{9D7E6053-B647-44A0-803C-D1EE63385789}.Release|Any CPU.ActiveCfg = Release|Any CPU
		{9D7E6053-B647-44A0-803C-D1EE63385789}.Release|Any CPU.Build.0 = Release|Any CPU
		{4C69532E-D7B2-4C8C-A792-97C38D75E99C}.Debug|Any CPU.ActiveCfg = Debug|Any CPU
		{4C69532E-D7B2-4C8C-A792-97C38D75E99C}.Debug|Any CPU.Build.0 = Debug|Any CPU
		{4C69532E-D7B2-4C8C-A792-97C38D75E99C}.Release|Any CPU.ActiveCfg = Release|Any CPU
		{4C69532E-D7B2-4C8C-A792-97C38D75E99C}.Release|Any CPU.Build.0 = Release|Any CPU
		{A682614C-9A83-40AB-8F42-0BBD698E065D}.Debug|Any CPU.ActiveCfg = Debug|Any CPU
		{A682614C-9A83-40AB-8F42-0BBD698E065D}.Debug|Any CPU.Build.0 = Debug|Any CPU
		{A682614C-9A83-40AB-8F42-0BBD698E065D}.Release|Any CPU.ActiveCfg = Release|Any CPU
		{A682614C-9A83-40AB-8F42-0BBD698E065D}.Release|Any CPU.Build.0 = Release|Any CPU
		{08636618-8DA8-40A9-8642-3B1CCA581D1F}.Debug|Any CPU.ActiveCfg = Debug|Any CPU
		{08636618-8DA8-40A9-8642-3B1CCA581D1F}.Debug|Any CPU.Build.0 = Debug|Any CPU
		{08636618-8DA8-40A9-8642-3B1CCA581D1F}.Release|Any CPU.ActiveCfg = Release|Any CPU
		{08636618-8DA8-40A9-8642-3B1CCA581D1F}.Release|Any CPU.Build.0 = Release|Any CPU
		{0A97C16E-5F52-49C1-8B46-38286C1BF64F}.Debug|Any CPU.ActiveCfg = Debug|Any CPU
		{0A97C16E-5F52-49C1-8B46-38286C1BF64F}.Debug|Any CPU.Build.0 = Debug|Any CPU
		{0A97C16E-5F52-49C1-8B46-38286C1BF64F}.Release|Any CPU.ActiveCfg = Release|Any CPU
		{0A97C16E-5F52-49C1-8B46-38286C1BF64F}.Release|Any CPU.Build.0 = Release|Any CPU
		{9F3C1A3F-D41C-46A4-A72D-D2F9F2706E87}.Debug|Any CPU.ActiveCfg = Debug|Any CPU
		{9F3C1A3F-D41C-46A4-A72D-D2F9F2706E87}.Debug|Any CPU.Build.0 = Debug|Any CPU
		{9F3C1A3F-D41C-46A4-A72D-D2F9F2706E87}.Release|Any CPU.ActiveCfg = Release|Any CPU
		{9F3C1A3F-D41C-46A4-A72D-D2F9F2706E87}.Release|Any CPU.Build.0 = Release|Any CPU
		{67CFD839-B628-4131-AA23-A6095C9501EC}.Debug|Any CPU.ActiveCfg = Debug|Any CPU
		{67CFD839-B628-4131-AA23-A6095C9501EC}.Debug|Any CPU.Build.0 = Debug|Any CPU
		{67CFD839-B628-4131-AA23-A6095C9501EC}.Release|Any CPU.ActiveCfg = Release|Any CPU
		{67CFD839-B628-4131-AA23-A6095C9501EC}.Release|Any CPU.Build.0 = Release|Any CPU
	EndGlobalSection
	GlobalSection(SolutionProperties) = preSolution
		HideSolutionNode = FALSE
	EndGlobalSection
	GlobalSection(NestedProjects) = preSolution
		{B107CB59-C414-4D4F-8544-A4C4D4C5FED4} = {38AF87FF-2196-44D1-9623-00EAEFB93C54}
		{B9F07459-F741-44C1-AA85-9DED14126A57} = {38AF87FF-2196-44D1-9623-00EAEFB93C54}
		{6FF76CEB-8AC1-4E3D-85CD-C2921BF5D4D5} = {38AF87FF-2196-44D1-9623-00EAEFB93C54}
		{0E456322-EB87-4D7C-A224-731BB79287A0} = {BF3D6674-5F71-41F2-BFB2-BD0D4A676D69}
		{BE5536F2-38C7-48C0-8D07-24C9674C2C2E} = {BF3D6674-5F71-41F2-BFB2-BD0D4A676D69}
		{5C02A99E-4536-468A-A16A-FA7CF7CB6A97} = {BF3D6674-5F71-41F2-BFB2-BD0D4A676D69}
		{F4F38865-D2E0-49FE-A2B1-BA13D12E1987} = {C572CACC-FF33-4B69-949A-47758E01EAA1}
		{52B9E544-2AD7-4483-8DE6-957FF201EBAE} = {C572CACC-FF33-4B69-949A-47758E01EAA1}
		{12A2ACDF-B396-4C60-A550-3263CD120A53} = {C572CACC-FF33-4B69-949A-47758E01EAA1}
		{0AEFA019-2EF8-47B7-83EF-A2CDA84CB686} = {E94804D7-0536-4393-BAE6-3B7CE8F8198A}
		{76B65C99-2034-496E-9B16-109C01682C0E} = {E94804D7-0536-4393-BAE6-3B7CE8F8198A}
		{9D7E6053-B647-44A0-803C-D1EE63385789} = {E94804D7-0536-4393-BAE6-3B7CE8F8198A}
		{4C69532E-D7B2-4C8C-A792-97C38D75E99C} = {2662C852-E37B-4148-9A27-6C3F374B82C9}
		{A682614C-9A83-40AB-8F42-0BBD698E065D} = {2662C852-E37B-4148-9A27-6C3F374B82C9}
		{08636618-8DA8-40A9-8642-3B1CCA581D1F} = {2662C852-E37B-4148-9A27-6C3F374B82C9}
		{0A97C16E-5F52-49C1-8B46-38286C1BF64F} = {EE9E3B0D-198E-469F-B2FF-9E4FE09EDCE1}
		{9F3C1A3F-D41C-46A4-A72D-D2F9F2706E87} = {EE9E3B0D-198E-469F-B2FF-9E4FE09EDCE1}
		{67CFD839-B628-4131-AA23-A6095C9501EC} = {EE9E3B0D-198E-469F-B2FF-9E4FE09EDCE1}
	EndGlobalSection
	GlobalSection(ExtensibilityGlobals) = postSolution
		SolutionGuid = {5A339008-761D-4D87-ABC1-B2FA389BA687}
	EndGlobalSection
EndGlobal
